
Microsoft Visual Studio Solution File, Format Version 12.00
# Visual Studio Version 16
VisualStudioVersion = 16.0.29806.167
MinimumVisualStudioVersion = 10.0.40219.1
Project("{9A19103F-16F7-4668-BE54-9A1E7A4F7556}") = "CoreDemo", "CoreDemo\CoreDemo.csproj", "{B889C52B-27B1-42CF-9268-335279DAB5E3}"
EndProject
Project("{9A19103F-16F7-4668-BE54-9A1E7A4F7556}") = "GrpcServiceDemo", "GrpcServiceDemo\GrpcServiceDemo.csproj", "{9CCABFCA-98D6-43B8-931E-1F248FCA1227}"
EndProject
Project("{9A19103F-16F7-4668-BE54-9A1E7A4F7556}") = "GrpcClientDemo", "GrpcClientDemo\GrpcClientDemo.csproj", "{FB8DAA8E-18B4-4CA3-A3DC-C3DC4CE6AE1E}"
EndProject
Project("{2150E333-8FDC-42A3-9474-1A3956D46DE8}") = "gRpc", "gRpc", "{25BDED2F-6523-452A-9C87-06ED9DA5EF43}"
EndProject
Project("{2150E333-8FDC-42A3-9474-1A3956D46DE8}") = "SignalR", "SignalR", "{29DE75AF-21B2-4EE7-B574-6120EB158C99}"
EndProject
Project("{9A19103F-16F7-4668-BE54-9A1E7A4F7556}") = "SignalRDemo", "SignalRDemo\SignalRDemo.csproj", "{13EA57D1-FE52-4F1E-A804-339C2506CEA6}"
EndProject
Project("{FAE04EC0-301F-11D3-BF4B-00C04F79EFBC}") = "Log4NetDemo", "Log4NetDemo\Log4NetDemo.csproj", "{2466D041-0D51-4F9D-9541-DB1C5343CF19}"
EndProject
Global
	GlobalSection(SolutionConfigurationPlatforms) = preSolution
		Debug|Any CPU = Debug|Any CPU
		Release|Any CPU = Release|Any CPU
	EndGlobalSection
	GlobalSection(ProjectConfigurationPlatforms) = postSolution
		{B889C52B-27B1-42CF-9268-335279DAB5E3}.Debug|Any CPU.ActiveCfg = Debug|Any CPU
		{B889C52B-27B1-42CF-9268-335279DAB5E3}.Debug|Any CPU.Build.0 = Debug|Any CPU
		{B889C52B-27B1-42CF-9268-335279DAB5E3}.Release|Any CPU.ActiveCfg = Release|Any CPU
		{B889C52B-27B1-42CF-9268-335279DAB5E3}.Release|Any CPU.Build.0 = Release|Any CPU
		{9CCABFCA-98D6-43B8-931E-1F248FCA1227}.Debug|Any CPU.ActiveCfg = Debug|Any CPU
		{9CCABFCA-98D6-43B8-931E-1F248FCA1227}.Debug|Any CPU.Build.0 = Debug|Any CPU
		{9CCABFCA-98D6-43B8-931E-1F248FCA1227}.Release|Any CPU.ActiveCfg = Release|Any CPU
		{9CCABFCA-98D6-43B8-931E-1F248FCA1227}.Release|Any CPU.Build.0 = Release|Any CPU
		{FB8DAA8E-18B4-4CA3-A3DC-C3DC4CE6AE1E}.Debug|Any CPU.ActiveCfg = Debug|Any CPU
		{FB8DAA8E-18B4-4CA3-A3DC-C3DC4CE6AE1E}.Debug|Any CPU.Build.0 = Debug|Any CPU
		{FB8DAA8E-18B4-4CA3-A3DC-C3DC4CE6AE1E}.Release|Any CPU.ActiveCfg = Release|Any CPU
		{FB8DAA8E-18B4-4CA3-A3DC-C3DC4CE6AE1E}.Release|Any CPU.Build.0 = Release|Any CPU
		{13EA57D1-FE52-4F1E-A804-339C2506CEA6}.Debug|Any CPU.ActiveCfg = Debug|Any CPU
		{13EA57D1-FE52-4F1E-A804-339C2506CEA6}.Debug|Any CPU.Build.0 = Debug|Any CPU
		{13EA57D1-FE52-4F1E-A804-339C2506CEA6}.Release|Any CPU.ActiveCfg = Release|Any CPU
		{13EA57D1-FE52-4F1E-A804-339C2506CEA6}.Release|Any CPU.Build.0 = Release|Any CPU
		{2466D041-0D51-4F9D-9541-DB1C5343CF19}.Debug|Any CPU.ActiveCfg = Debug|Any CPU
		{2466D041-0D51-4F9D-9541-DB1C5343CF19}.Debug|Any CPU.Build.0 = Debug|Any CPU
		{2466D041-0D51-4F9D-9541-DB1C5343CF19}.Release|Any CPU.ActiveCfg = Release|Any CPU
		{2466D041-0D51-4F9D-9541-DB1C5343CF19}.Release|Any CPU.Build.0 = Release|Any CPU
	EndGlobalSection
	GlobalSection(SolutionProperties) = preSolution
		HideSolutionNode = FALSE
	EndGlobalSection
	GlobalSection(NestedProjects) = preSolution
		{9CCABFCA-98D6-43B8-931E-1F248FCA1227} = {25BDED2F-6523-452A-9C87-06ED9DA5EF43}
		{FB8DAA8E-18B4-4CA3-A3DC-C3DC4CE6AE1E} = {25BDED2F-6523-452A-9C87-06ED9DA5EF43}
		{13EA57D1-FE52-4F1E-A804-339C2506CEA6} = {29DE75AF-21B2-4EE7-B574-6120EB158C99}
	EndGlobalSection
	GlobalSection(ExtensibilityGlobals) = postSolution
		SolutionGuid = {06FCCACD-1481-4996-9F07-102947BC5408}
	EndGlobalSection
EndGlobal
