
Microsoft Visual Studio Solution File, Format Version 12.00
# Visual Studio Version 16
VisualStudioVersion = 16.0.29806.167
MinimumVisualStudioVersion = 10.0.40219.1
Project("{9A19103F-16F7-4668-BE54-9A1E7A4F7556}") = "CoreDemo", "CoreDemo\CoreDemo.csproj", "{B889C52B-27B1-42CF-9268-335279DAB5E3}"
EndProject
Project("{9A19103F-16F7-4668-BE54-9A1E7A4F7556}") = "GrpcServiceDemo", "GrpcServiceDemo\GrpcServiceDemo.csproj", "{9CCABFCA-98D6-43B8-931E-1F248FCA1227}"
EndProject
Project("{9A19103F-16F7-4668-BE54-9A1E7A4F7556}") = "GrpcClientDemo", "GrpcClientDemo\GrpcClientDemo.csproj", "{FB8DAA8E-18B4-4CA3-A3DC-C3DC4CE6AE1E}"
EndProject
Project("{2150E333-8FDC-42A3-9474-1A3956D46DE8}") = "gRpc", "gRpc", "{25BDED2F-6523-452A-9C87-06ED9DA5EF43}"
EndProject
Project("{2150E333-8FDC-42A3-9474-1A3956D46DE8}") = "SignalR", "SignalR", "{29DE75AF-21B2-4EE7-B574-6120EB158C99}"
EndProject
Project("{9A19103F-16F7-4668-BE54-9A1E7A4F7556}") = "SignalRDemo", "SignalRDemo\SignalRDemo.csproj", "{13EA57D1-FE52-4F1E-A804-339C2506CEA6}"
EndProject
Project("{FAE04EC0-301F-11D3-BF4B-00C04F79EFBC}") = "Log4NetDemo", "Log4NetDemo\Log4NetDemo.csproj", "{2466D041-0D51-4F9D-9541-DB1C5343CF19}"
EndProject
Project("{2150E333-8FDC-42A3-9474-1A3956D46DE8}") = "BasicKnowledge", "BasicKnowledge", "{B5F1A01A-3596-498C-9285-974CCBC9E25B}"
EndProject
Project("{9A19103F-16F7-4668-BE54-9A1E7A4F7556}") = "1 Autofac", "1 Autofac\1 Autofac.csproj", "{B6329A8D-63ED-4570-873D-09B027181F5C}"
EndProject
Project("{9A19103F-16F7-4668-BE54-9A1E7A4F7556}") = "0 DependencyInjectionDemo", "0 DependencyInjectionDemo\0 DependencyInjectionDemo.csproj", "{0D431FE7-C27F-4155-864C-8B306AB93829}"
EndProject
Project("{9A19103F-16F7-4668-BE54-9A1E7A4F7556}") = "2 ConfigurationDemo", "2 ConfigurationDemo\2 ConfigurationDemo.csproj", "{5A2939F9-FA1C-4657-B47B-08FC1F9E27BC}"
EndProject
Project("{9A19103F-16F7-4668-BE54-9A1E7A4F7556}") = "3 OptionsDemo", "3 OptionsDemo\3 OptionsDemo.csproj", "{472756B3-7638-4C73-A848-75EE5585153C}"
EndProject
Project("{9A19103F-16F7-4668-BE54-9A1E7A4F7556}") = "4 LoggingDemo", "4 LoggingDemo\4 LoggingDemo.csproj", "{BA1DB11B-E39E-4522-8194-FCCB5DB5AEF9}"
EndProject
Project("{9A19103F-16F7-4668-BE54-9A1E7A4F7556}") = "5 MiddlewareDemo", "5 MiddlewareDemo\5 MiddlewareDemo.csproj", "{379FA4B8-E181-4774-804B-4D19C0BC6970}"
EndProject
Project("{9A19103F-16F7-4668-BE54-9A1E7A4F7556}") = "6 ExceptionDemo", "6 ExceptionDemo\6 ExceptionDemo.csproj", "{688082F0-731C-4337-B8C5-325B93E7C596}"
EndProject
Project("{9A19103F-16F7-4668-BE54-9A1E7A4F7556}") = "7 StaticFilesDemo", "7 StaticFilesDemo\7 StaticFilesDemo.csproj", "{3B0C4409-9268-48B6-922E-BD10D38E4F74}"
EndProject
Project("{9A19103F-16F7-4668-BE54-9A1E7A4F7556}") = "8 FileProviderDemo", "8 FileProviderDemo\8 FileProviderDemo.csproj", "{47543FE0-7F6D-44EA-9490-2F951317E251}"
EndProject
Project("{9A19103F-16F7-4668-BE54-9A1E7A4F7556}") = "9 RoutingDemo", "9 RoutingDemo\9 RoutingDemo.csproj", "{25E71287-737E-4AE5-A6F2-30D596FAA33A}"
EndProject
Project("{2150E333-8FDC-42A3-9474-1A3956D46DE8}") = "Identity4", "Identity4", "{D62F43DE-65BA-4F50-BBE3-8647642989B4}"
EndProject
Project("{9A19103F-16F7-4668-BE54-9A1E7A4F7556}") = "Api", "Identity4\Api\Api.csproj", "{08CC2039-A993-4AC5-BE55-C6690A6FB5B3}"
EndProject
Project("{9A19103F-16F7-4668-BE54-9A1E7A4F7556}") = "Client", "Identity4\Client\Client.csproj", "{708A2A77-D1B6-49A6-BAA2-2ADA29608E54}"
EndProject
Project("{9A19103F-16F7-4668-BE54-9A1E7A4F7556}") = "IdentityServer", "Identity4\IdentityServer\IdentityServer.csproj", "{62D49ED1-E038-475F-BA53-EA0E7CA00627}"
EndProject
Project("{FAE04EC0-301F-11D3-BF4B-00C04F79EFBC}") = "ApolloDemo", "ApolloDemo\ApolloDemo.csproj", "{29A65101-C608-42D6-80E9-4AD91BDABF00}"
EndProject
Global
	GlobalSection(SolutionConfigurationPlatforms) = preSolution
		Debug|Any CPU = Debug|Any CPU
		Release|Any CPU = Release|Any CPU
	EndGlobalSection
	GlobalSection(ProjectConfigurationPlatforms) = postSolution
		{B889C52B-27B1-42CF-9268-335279DAB5E3}.Debug|Any CPU.ActiveCfg = Debug|Any CPU
		{B889C52B-27B1-42CF-9268-335279DAB5E3}.Debug|Any CPU.Build.0 = Debug|Any CPU
		{B889C52B-27B1-42CF-9268-335279DAB5E3}.Release|Any CPU.ActiveCfg = Release|Any CPU
		{B889C52B-27B1-42CF-9268-335279DAB5E3}.Release|Any CPU.Build.0 = Release|Any CPU
		{9CCABFCA-98D6-43B8-931E-1F248FCA1227}.Debug|Any CPU.ActiveCfg = Debug|Any CPU
		{9CCABFCA-98D6-43B8-931E-1F248FCA1227}.Debug|Any CPU.Build.0 = Debug|Any CPU
		{9CCABFCA-98D6-43B8-931E-1F248FCA1227}.Release|Any CPU.ActiveCfg = Release|Any CPU
		{9CCABFCA-98D6-43B8-931E-1F248FCA1227}.Release|Any CPU.Build.0 = Release|Any CPU
		{FB8DAA8E-18B4-4CA3-A3DC-C3DC4CE6AE1E}.Debug|Any CPU.ActiveCfg = Debug|Any CPU
		{FB8DAA8E-18B4-4CA3-A3DC-C3DC4CE6AE1E}.Debug|Any CPU.Build.0 = Debug|Any CPU
		{FB8DAA8E-18B4-4CA3-A3DC-C3DC4CE6AE1E}.Release|Any CPU.ActiveCfg = Release|Any CPU
		{FB8DAA8E-18B4-4CA3-A3DC-C3DC4CE6AE1E}.Release|Any CPU.Build.0 = Release|Any CPU
		{13EA57D1-FE52-4F1E-A804-339C2506CEA6}.Debug|Any CPU.ActiveCfg = Debug|Any CPU
		{13EA57D1-FE52-4F1E-A804-339C2506CEA6}.Debug|Any CPU.Build.0 = Debug|Any CPU
		{13EA57D1-FE52-4F1E-A804-339C2506CEA6}.Release|Any CPU.ActiveCfg = Release|Any CPU
		{13EA57D1-FE52-4F1E-A804-339C2506CEA6}.Release|Any CPU.Build.0 = Release|Any CPU
		{2466D041-0D51-4F9D-9541-DB1C5343CF19}.Debug|Any CPU.ActiveCfg = Debug|Any CPU
		{2466D041-0D51-4F9D-9541-DB1C5343CF19}.Debug|Any CPU.Build.0 = Debug|Any CPU
		{2466D041-0D51-4F9D-9541-DB1C5343CF19}.Release|Any CPU.ActiveCfg = Release|Any CPU
		{2466D041-0D51-4F9D-9541-DB1C5343CF19}.Release|Any CPU.Build.0 = Release|Any CPU
		{B6329A8D-63ED-4570-873D-09B027181F5C}.Debug|Any CPU.ActiveCfg = Debug|Any CPU
		{B6329A8D-63ED-4570-873D-09B027181F5C}.Debug|Any CPU.Build.0 = Debug|Any CPU
		{B6329A8D-63ED-4570-873D-09B027181F5C}.Release|Any CPU.ActiveCfg = Release|Any CPU
		{B6329A8D-63ED-4570-873D-09B027181F5C}.Release|Any CPU.Build.0 = Release|Any CPU
		{0D431FE7-C27F-4155-864C-8B306AB93829}.Debug|Any CPU.ActiveCfg = Debug|Any CPU
		{0D431FE7-C27F-4155-864C-8B306AB93829}.Debug|Any CPU.Build.0 = Debug|Any CPU
		{0D431FE7-C27F-4155-864C-8B306AB93829}.Release|Any CPU.ActiveCfg = Release|Any CPU
		{0D431FE7-C27F-4155-864C-8B306AB93829}.Release|Any CPU.Build.0 = Release|Any CPU
		{5A2939F9-FA1C-4657-B47B-08FC1F9E27BC}.Debug|Any CPU.ActiveCfg = Debug|Any CPU
		{5A2939F9-FA1C-4657-B47B-08FC1F9E27BC}.Debug|Any CPU.Build.0 = Debug|Any CPU
		{5A2939F9-FA1C-4657-B47B-08FC1F9E27BC}.Release|Any CPU.ActiveCfg = Release|Any CPU
		{5A2939F9-FA1C-4657-B47B-08FC1F9E27BC}.Release|Any CPU.Build.0 = Release|Any CPU
		{472756B3-7638-4C73-A848-75EE5585153C}.Debug|Any CPU.ActiveCfg = Debug|Any CPU
		{472756B3-7638-4C73-A848-75EE5585153C}.Debug|Any CPU.Build.0 = Debug|Any CPU
		{472756B3-7638-4C73-A848-75EE5585153C}.Release|Any CPU.ActiveCfg = Release|Any CPU
		{472756B3-7638-4C73-A848-75EE5585153C}.Release|Any CPU.Build.0 = Release|Any CPU
		{BA1DB11B-E39E-4522-8194-FCCB5DB5AEF9}.Debug|Any CPU.ActiveCfg = Debug|Any CPU
		{BA1DB11B-E39E-4522-8194-FCCB5DB5AEF9}.Debug|Any CPU.Build.0 = Debug|Any CPU
		{BA1DB11B-E39E-4522-8194-FCCB5DB5AEF9}.Release|Any CPU.ActiveCfg = Release|Any CPU
		{BA1DB11B-E39E-4522-8194-FCCB5DB5AEF9}.Release|Any CPU.Build.0 = Release|Any CPU
		{379FA4B8-E181-4774-804B-4D19C0BC6970}.Debug|Any CPU.ActiveCfg = Debug|Any CPU
		{379FA4B8-E181-4774-804B-4D19C0BC6970}.Debug|Any CPU.Build.0 = Debug|Any CPU
		{379FA4B8-E181-4774-804B-4D19C0BC6970}.Release|Any CPU.ActiveCfg = Release|Any CPU
		{379FA4B8-E181-4774-804B-4D19C0BC6970}.Release|Any CPU.Build.0 = Release|Any CPU
		{688082F0-731C-4337-B8C5-325B93E7C596}.Debug|Any CPU.ActiveCfg = Debug|Any CPU
		{688082F0-731C-4337-B8C5-325B93E7C596}.Debug|Any CPU.Build.0 = Debug|Any CPU
		{688082F0-731C-4337-B8C5-325B93E7C596}.Release|Any CPU.ActiveCfg = Release|Any CPU
		{688082F0-731C-4337-B8C5-325B93E7C596}.Release|Any CPU.Build.0 = Release|Any CPU
		{3B0C4409-9268-48B6-922E-BD10D38E4F74}.Debug|Any CPU.ActiveCfg = Debug|Any CPU
		{3B0C4409-9268-48B6-922E-BD10D38E4F74}.Debug|Any CPU.Build.0 = Debug|Any CPU
		{3B0C4409-9268-48B6-922E-BD10D38E4F74}.Release|Any CPU.ActiveCfg = Release|Any CPU
		{3B0C4409-9268-48B6-922E-BD10D38E4F74}.Release|Any CPU.Build.0 = Release|Any CPU
		{47543FE0-7F6D-44EA-9490-2F951317E251}.Debug|Any CPU.ActiveCfg = Debug|Any CPU
		{47543FE0-7F6D-44EA-9490-2F951317E251}.Debug|Any CPU.Build.0 = Debug|Any CPU
		{47543FE0-7F6D-44EA-9490-2F951317E251}.Release|Any CPU.ActiveCfg = Release|Any CPU
		{47543FE0-7F6D-44EA-9490-2F951317E251}.Release|Any CPU.Build.0 = Release|Any CPU
		{25E71287-737E-4AE5-A6F2-30D596FAA33A}.Debug|Any CPU.ActiveCfg = Debug|Any CPU
		{25E71287-737E-4AE5-A6F2-30D596FAA33A}.Debug|Any CPU.Build.0 = Debug|Any CPU
		{25E71287-737E-4AE5-A6F2-30D596FAA33A}.Release|Any CPU.ActiveCfg = Release|Any CPU
		{25E71287-737E-4AE5-A6F2-30D596FAA33A}.Release|Any CPU.Build.0 = Release|Any CPU
		{08CC2039-A993-4AC5-BE55-C6690A6FB5B3}.Debug|Any CPU.ActiveCfg = Debug|Any CPU
		{08CC2039-A993-4AC5-BE55-C6690A6FB5B3}.Debug|Any CPU.Build.0 = Debug|Any CPU
		{08CC2039-A993-4AC5-BE55-C6690A6FB5B3}.Release|Any CPU.ActiveCfg = Release|Any CPU
		{08CC2039-A993-4AC5-BE55-C6690A6FB5B3}.Release|Any CPU.Build.0 = Release|Any CPU
		{708A2A77-D1B6-49A6-BAA2-2ADA29608E54}.Debug|Any CPU.ActiveCfg = Debug|Any CPU
		{708A2A77-D1B6-49A6-BAA2-2ADA29608E54}.Debug|Any CPU.Build.0 = Debug|Any CPU
		{708A2A77-D1B6-49A6-BAA2-2ADA29608E54}.Release|Any CPU.ActiveCfg = Release|Any CPU
		{708A2A77-D1B6-49A6-BAA2-2ADA29608E54}.Release|Any CPU.Build.0 = Release|Any CPU
		{62D49ED1-E038-475F-BA53-EA0E7CA00627}.Debug|Any CPU.ActiveCfg = Debug|Any CPU
		{62D49ED1-E038-475F-BA53-EA0E7CA00627}.Debug|Any CPU.Build.0 = Debug|Any CPU
		{62D49ED1-E038-475F-BA53-EA0E7CA00627}.Release|Any CPU.ActiveCfg = Release|Any CPU
		{62D49ED1-E038-475F-BA53-EA0E7CA00627}.Release|Any CPU.Build.0 = Release|Any CPU
		{29A65101-C608-42D6-80E9-4AD91BDABF00}.Debug|Any CPU.ActiveCfg = Debug|Any CPU
		{29A65101-C608-42D6-80E9-4AD91BDABF00}.Debug|Any CPU.Build.0 = Debug|Any CPU
		{29A65101-C608-42D6-80E9-4AD91BDABF00}.Release|Any CPU.ActiveCfg = Release|Any CPU
		{29A65101-C608-42D6-80E9-4AD91BDABF00}.Release|Any CPU.Build.0 = Release|Any CPU
	EndGlobalSection
	GlobalSection(SolutionProperties) = preSolution
		HideSolutionNode = FALSE
	EndGlobalSection
	GlobalSection(NestedProjects) = preSolution
		{9CCABFCA-98D6-43B8-931E-1F248FCA1227} = {25BDED2F-6523-452A-9C87-06ED9DA5EF43}
		{FB8DAA8E-18B4-4CA3-A3DC-C3DC4CE6AE1E} = {25BDED2F-6523-452A-9C87-06ED9DA5EF43}
		{13EA57D1-FE52-4F1E-A804-339C2506CEA6} = {29DE75AF-21B2-4EE7-B574-6120EB158C99}
		{B6329A8D-63ED-4570-873D-09B027181F5C} = {B5F1A01A-3596-498C-9285-974CCBC9E25B}
		{0D431FE7-C27F-4155-864C-8B306AB93829} = {B5F1A01A-3596-498C-9285-974CCBC9E25B}
		{5A2939F9-FA1C-4657-B47B-08FC1F9E27BC} = {B5F1A01A-3596-498C-9285-974CCBC9E25B}
		{472756B3-7638-4C73-A848-75EE5585153C} = {B5F1A01A-3596-498C-9285-974CCBC9E25B}
		{BA1DB11B-E39E-4522-8194-FCCB5DB5AEF9} = {B5F1A01A-3596-498C-9285-974CCBC9E25B}
		{379FA4B8-E181-4774-804B-4D19C0BC6970} = {B5F1A01A-3596-498C-9285-974CCBC9E25B}
		{688082F0-731C-4337-B8C5-325B93E7C596} = {B5F1A01A-3596-498C-9285-974CCBC9E25B}
		{3B0C4409-9268-48B6-922E-BD10D38E4F74} = {B5F1A01A-3596-498C-9285-974CCBC9E25B}
		{47543FE0-7F6D-44EA-9490-2F951317E251} = {B5F1A01A-3596-498C-9285-974CCBC9E25B}
		{25E71287-737E-4AE5-A6F2-30D596FAA33A} = {B5F1A01A-3596-498C-9285-974CCBC9E25B}
		{08CC2039-A993-4AC5-BE55-C6690A6FB5B3} = {D62F43DE-65BA-4F50-BBE3-8647642989B4}
		{708A2A77-D1B6-49A6-BAA2-2ADA29608E54} = {D62F43DE-65BA-4F50-BBE3-8647642989B4}
		{62D49ED1-E038-475F-BA53-EA0E7CA00627} = {D62F43DE-65BA-4F50-BBE3-8647642989B4}
	EndGlobalSection
	GlobalSection(ExtensibilityGlobals) = postSolution
		SolutionGuid = {06FCCACD-1481-4996-9F07-102947BC5408}
	EndGlobalSection
EndGlobal
